
Microsoft Visual Studio Solution File, Format Version 12.00
# Visual Studio 15
VisualStudioVersion = 15.0.28307.1145
MinimumVisualStudioVersion = 10.0.40219.1
Project("{FAE04EC0-301F-11D3-BF4B-00C04F79EFBC}") = "Receiver", "Receiver\Receiver.csproj", "{07CAE1D5-C87F-40EF-87B5-E08B752E0C10}"
EndProject
Project("{FAE04EC0-301F-11D3-BF4B-00C04F79EFBC}") = "Sender", "..\Sender\Sender\Sender.csproj", "{8F772119-BBA0-4B51-AFFC-3C6BD045B0AE}"
EndProject
Global
	GlobalSection(SolutionConfigurationPlatforms) = preSolution
		Debug|Any CPU = Debug|Any CPU
		Release|Any CPU = Release|Any CPU
	EndGlobalSection
	GlobalSection(ProjectConfigurationPlatforms) = postSolution
		{07CAE1D5-C87F-40EF-87B5-E08B752E0C10}.Debug|Any CPU.ActiveCfg = Debug|Any CPU
		{07CAE1D5-C87F-40EF-87B5-E08B752E0C10}.Debug|Any CPU.Build.0 = Debug|Any CPU
		{07CAE1D5-C87F-40EF-87B5-E08B752E0C10}.Debug|Any CPU.Deploy.0 = Debug|Any CPU
		{07CAE1D5-C87F-40EF-87B5-E08B752E0C10}.Release|Any CPU.ActiveCfg = Release|Any CPU
		{07CAE1D5-C87F-40EF-87B5-E08B752E0C10}.Release|Any CPU.Build.0 = Release|Any CPU
		{07CAE1D5-C87F-40EF-87B5-E08B752E0C10}.Release|Any CPU.Deploy.0 = Release|Any CPU
		{8F772119-BBA0-4B51-AFFC-3C6BD045B0AE}.Debug|Any CPU.ActiveCfg = Debug|Any CPU
		{8F772119-BBA0-4B51-AFFC-3C6BD045B0AE}.Debug|Any CPU.Build.0 = Debug|Any CPU
		{8F772119-BBA0-4B51-AFFC-3C6BD045B0AE}.Release|Any CPU.ActiveCfg = Release|Any CPU
		{8F772119-BBA0-4B51-AFFC-3C6BD045B0AE}.Release|Any CPU.Build.0 = Release|Any CPU
	EndGlobalSection
	GlobalSection(SolutionProperties) = preSolution
		HideSolutionNode = FALSE
	EndGlobalSection
	GlobalSection(ExtensibilityGlobals) = postSolution
		SolutionGuid = {2382E912-5D4E-4B20-9544-9142DF0A2C71}
	EndGlobalSection
EndGlobal
